{
  "nodes": {
    "agenix": {
      "inputs": {
        "darwin": "darwin",
        "home-manager": "home-manager",
        "nixpkgs": "nixpkgs",
        "systems": "systems"
      },
      "locked": {
        "lastModified": 1770165109,
        "narHash": "sha256-9VnK6Oqai65puVJ4WYtCTvlJeXxMzAp/69HhQuTdl/I=",
        "owner": "ryantm",
        "repo": "agenix",
        "rev": "b027ee29d959fda4b60b57566d64c98a202e0feb",
        "type": "github"
      },
      "original": {
        "owner": "ryantm",
        "repo": "agenix",
        "type": "github"
      }
    },
    "brew-src": {
      "flake": false,
      "locked": {
        "lastModified": 1786945682,
        "narHash": "sha256-VBESSoJccikdhxh3vp3SQeG7cZXTOulMvVkoSqNDEhs=",
        "owner": "Homebrew",
        "repo": "brew",
        "rev": "5b90e281d4e0c8fbd6ca4d8358276fb305b8d0bd",
        "type": "github"
      },
      "original": {
        "owner": "Homebrew",
        "ref": "6.0.18",
        "repo": "brew",
        "type": "github"
      }
    },
    "bun2nix": {
      "inputs": {
        "flake-parts": "flake-parts",
        "nixpkgs": [
          "herdr-omp-plugins",
          "omp18",
          "nixpkgs"
        ],
        "systems": "systems_2",
        "treefmt-nix": "treefmt-nix"
      },
      "locked": {
        "lastModified": 1784665499,
        "narHash": "sha256-9BMxlTxCCDAeoNLtb1a/st7udtTIJep+wpUzquA29VU=",
        "owner": "nix-community",
        "repo": "bun2nix",
        "rev": "0f2a1f0b6f42cebe3b149bf62d38754c5e0e9729",
        "type": "github"
      },
      "original": {
        "owner": "nix-community",
        "repo": "bun2nix",
        "type": "github"
      }
    },
    "bun2nix-darwin-x64": {
      "inputs": {
        "flake-parts": "flake-parts_2",
        "nixpkgs": [
          "herdr-omp-plugins",
          "omp18",
          "nixpkgs-darwin-x64"
        ],
        "systems": "systems_3",
        "treefmt-nix": "treefmt-nix_2"
      },
      "locked": {
        "lastModified": 1784665499,
        "narHash": "sha256-9BMxlTxCCDAeoNLtb1a/st7udtTIJep+wpUzquA29VU=",
        "owner": "nix-community",
        "repo": "bun2nix",
        "rev": "0f2a1f0b6f42cebe3b149bf62d38754c5e0e9729",
        "type": "github"
      },
      "original": {
        "owner": "nix-community",
        "repo": "bun2nix",
        "type": "github"
      }
    },
    "bun2nix_2": {
      "inputs": {
        "flake-parts": "flake-parts_3",
        "import-tree": "import-tree",
        "nixpkgs": [
          "nixpkgs-darwin-compat"
        ],
        "systems": [
          "hunk",
          "systems"
        ],
        "treefmt-nix": "treefmt-nix_3"
      },
      "locked": {
        "lastModified": 1770895533,
        "narHash": "sha256-v3QaK9ugy9bN9RXDnjw0i2OifKmz2NnKM82agtqm/UY=",
        "owner": "nix-community",
        "repo": "bun2nix",
        "rev": "c843f477b15f51151f8c6bcc886954699440a6e1",
        "type": "github"
      },
      "original": {
        "owner": "nix-community",
        "repo": "bun2nix",
        "type": "github"
      }
    },
    "crane": {
      "locked": {
        "lastModified": 1781825982,
        "narHash": "sha256-SlXKwIRIhrOSAcTjCB3ftPLzJWZStQIPS7J1FlZPnKk=",
        "owner": "ipetkov",
        "repo": "crane",
        "rev": "469fd08d0bcf6926321fa973c6777fbc87785dd7",
        "type": "github"
      },
      "original": {
        "owner": "ipetkov",
        "repo": "crane",
        "type": "github"
      }
    },
    "crane_2": {
      "locked": {
        "lastModified": 1765145449,
        "narHash": "sha256-aBVHGWWRzSpfL++LubA0CwOOQ64WNLegrYHwsVuVN7A=",
        "owner": "ipetkov",
        "repo": "crane",
        "rev": "69f538cdce5955fcd47abfed4395dc6d5194c1c5",
        "type": "github"
      },
      "original": {
        "owner": "ipetkov",
        "repo": "crane",
        "type": "github"
      }
    },
    "darwin": {
      "inputs": {
        "nixpkgs": [
          "agenix",
          "nixpkgs"
        ]
      },
      "locked": {
        "lastModified": 1744478979,
        "narHash": "sha256-dyN+teG9G82G+m+PX/aSAagkC+vUv0SgUw3XkPhQodQ=",
        "owner": "lnl7",
        "repo": "nix-darwin",
        "rev": "43975d782b418ebf4969e9ccba82466728c2851b",
        "type": "github"
      },
      "original": {
        "owner": "lnl7",
        "ref": "master",
        "repo": "nix-darwin",
        "type": "github"
      }
    },
    "darwin_2": {
      "inputs": {
        "nixpkgs": [
          "nixpkgs"
        ]
      },
      "locked": {
        "lastModified": 1786845137,
        "narHash": "sha256-oQFip+v0luP8NIxJzmiW4Wu8bILsbFWom5l0zonl8hQ=",
        "owner": "LnL7",
        "repo": "nix-darwin",
        "rev": "4cff07de74b50e64bdd68cd4e722ab5b6b35ee48",
        "type": "github"
      },
      "original": {
        "owner": "LnL7",
        "ref": "master",
        "repo": "nix-darwin",
        "type": "github"
      }
    },
    "disko": {
      "inputs": {
        "nixpkgs": [
          "nixpkgs"
        ]
      },
      "locked": {
        "lastModified": 1781152676,
        "narHash": "sha256-RxWs5ND31KzTG7wvMM+PMfUjyNpmIEr999lqNARaM5o=",
        "owner": "nix-community",
        "repo": "disko",
        "rev": "ff8702b4de27f72b4c78573dfb89ec74e36abdf1",
        "type": "github"
      },
      "original": {
        "owner": "nix-community",
        "repo": "disko",
        "type": "github"
      }
    },
    "flake-compat": {
      "flake": false,
      "locked": {
        "lastModified": 1767039857,
        "narHash": "sha256-vNpUSpF5Nuw8xvDLj2KCwwksIbjua2LZCqhV1LNRDns=",
        "owner": "NixOS",
        "repo": "flake-compat",
        "rev": "5edf11c44bc78a0d334f6334cdaf7d60d732daab",
        "type": "github"
      },
      "original": {
        "owner": "NixOS",
        "repo": "flake-compat",
        "type": "github"
      }
    },
    "flake-compat_2": {
      "flake": false,
      "locked": {
        "lastModified": 1767039857,
        "narHash": "sha256-vNpUSpF5Nuw8xvDLj2KCwwksIbjua2LZCqhV1LNRDns=",
        "owner": "edolstra",
        "repo": "flake-compat",
        "rev": "5edf11c44bc78a0d334f6334cdaf7d60d732daab",
        "type": "github"
      },
      "original": {
        "owner": "edolstra",
        "repo": "flake-compat",
        "type": "github"
      }
    },
    "flake-parts": {
      "inputs": {
        "nixpkgs-lib": [
          "herdr-omp-plugins",
          "omp18",
          "bun2nix",
          "nixpkgs"
        ]
      },
      "locked": {
        "lastModified": 1782949081,
        "narHash": "sha256-vp6Y/Grm98ESt6ceOkWiHWyZRDV3J1RID4w+6NWK9yA=",
        "owner": "hercules-ci",
        "repo": "flake-parts",
        "rev": "17c9d6cdfc60c64f4ee8d306f9bc0b4ccb51481e",
        "type": "github"
      },
      "original": {
        "owner": "hercules-ci",
        "repo": "flake-parts",
        "type": "github"
      }
    },
    "flake-parts_2": {
      "inputs": {
        "nixpkgs-lib": [
          "herdr-omp-plugins",
          "omp18",
          "bun2nix-darwin-x64",
          "nixpkgs"
        ]
      },
      "locked": {
        "lastModified": 1782949081,
        "narHash": "sha256-vp6Y/Grm98ESt6ceOkWiHWyZRDV3J1RID4w+6NWK9yA=",
        "owner": "hercules-ci",
        "repo": "flake-parts",
        "rev": "17c9d6cdfc60c64f4ee8d306f9bc0b4ccb51481e",
        "type": "github"
      },
      "original": {
        "owner": "hercules-ci",
        "repo": "flake-parts",
        "type": "github"
      }
    },
    "flake-parts_3": {
      "inputs": {
        "nixpkgs-lib": "nixpkgs-lib"
      },
      "locked": {
        "lastModified": 1769996383,
        "narHash": "sha256-AnYjnFWgS49RlqX7LrC4uA+sCCDBj0Ry/WOJ5XWAsa0=",
        "owner": "hercules-ci",
        "repo": "flake-parts",
        "rev": "57928607ea566b5db3ad13af0e57e921e6b12381",
        "type": "github"
      },
      "original": {
        "owner": "hercules-ci",
        "repo": "flake-parts",
        "type": "github"
      }
    },
    "flake-parts_4": {
      "inputs": {
        "nixpkgs-lib": "nixpkgs-lib_2"
      },
      "locked": {
        "lastModified": 1777898446,
        "narHash": "sha256-tTEOTTjMHd8Vffn4hehLTPgOXXxJ27xfkf4DoyZgD7s=",
        "owner": "hercules-ci",
        "repo": "flake-parts",
        "rev": "5d82aa3d6b5da25dbfec1a995750a70a03b8c659",
        "type": "github"
      },
      "original": {
        "owner": "hercules-ci",
        "repo": "flake-parts",
        "type": "github"
      }
    },
    "flake-parts_5": {
      "inputs": {
        "nixpkgs-lib": "nixpkgs-lib_3"
      },
      "locked": {
        "lastModified": 1772408722,
        "narHash": "sha256-rHuJtdcOjK7rAHpHphUb1iCvgkU3GpfvicLMwwnfMT0=",
        "owner": "hercules-ci",
        "repo": "flake-parts",
        "rev": "f20dc5d9b8027381c474144ecabc9034d6a839a3",
        "type": "github"
      },
      "original": {
        "owner": "hercules-ci",
        "repo": "flake-parts",
        "type": "github"
      }
    },
    "flake-utils": {
      "inputs": {
        "systems": "systems_5"
      },
      "locked": {
        "lastModified": 1731533236,
        "narHash": "sha256-l0KFg5HjrsfsO/JpG+r7fRrqm12kzFHyUHqHCVpMMbI=",
        "owner": "numtide",
        "repo": "flake-utils",
        "rev": "11707dc2f618dd54ca8739b309ec4fc024de578b",
        "type": "github"
      },
      "original": {
        "owner": "numtide",
        "repo": "flake-utils",
        "type": "github"
      }
    },
    "gitignore": {
      "inputs": {
        "nixpkgs": [
          "lanzaboote",
          "pre-commit",
          "nixpkgs"
        ]
      },
      "locked": {
        "lastModified": 1709087332,
        "narHash": "sha256-HG2cCnktfHsKV0s4XW83gU3F57gaTljL9KNSuG6bnQs=",
        "owner": "hercules-ci",
        "repo": "gitignore.nix",
        "rev": "637db329424fd7e46cf4185293b9cc8c88c95394",
        "type": "github"
      },
      "original": {
        "owner": "hercules-ci",
        "repo": "gitignore.nix",
        "type": "github"
      }
    },
    "herdr": {
      "inputs": {
        "nixpkgs": [
          "nixpkgs"
        ],
        "rust-overlay": "rust-overlay"
      },
      "locked": {
        "lastModified": 1787161794,
        "narHash": "sha256-sEGIN3dLZasaHob3EHscWBCIQHflMQVchYmzgsETDk4=",
        "owner": "herdrdev",
        "repo": "herdr",
        "rev": "9eb521456ac0d19d3ab3d9d7cea3cca10baa8a4c",
        "type": "github"
      },
      "original": {
        "owner": "herdrdev",
        "ref": "v0.8.2",
        "repo": "herdr",
        "type": "github"
      }
    },
    "herdr-omp-plugins": {
      "inputs": {
        "nixpkgs": [
          "nixpkgs"
        ],
        "omp18": "omp18"
      },
      "locked": {
        "lastModified": 1788457709,
        "narHash": "sha256-/LqB6anHJsG8CXJP8OTtn7LT60Mb8uXd5KTqP3iPLHU=",
        "ref": "refs/heads/main",
        "rev": "4bc05ef3964d24d93c4838312551d1b3d2b190ae",
        "revCount": 31,
        "type": "git",
        "url": "ssh://git@github.com/midsorbet/herdr-omp-plugins.git"
      },
      "original": {
        "type": "git",
        "url": "ssh://git@github.com/midsorbet/herdr-omp-plugins.git"
      }
    },
    "hjem": {
      "inputs": {
        "nixpkgs": [
          "nixpkgs"
        ]
      },
      "locked": {
        "lastModified": 1787500880,
        "narHash": "sha256-UrAlku7KST0DT+j1bdVGYI8tCz23PWL88uGMer3IZ2U=",
        "owner": "feel-co",
        "repo": "hjem",
        "rev": "d248f0e4f7abd6e1f0eb9ace778dd7928481943e",
        "type": "github"
      },
      "original": {
        "owner": "feel-co",
        "repo": "hjem",
        "type": "github"
      }
    },
    "home-manager": {
      "inputs": {
        "nixpkgs": [
          "agenix",
          "nixpkgs"
        ]
      },
      "locked": {
        "lastModified": 1745494811,
        "narHash": "sha256-YZCh2o9Ua1n9uCvrvi5pRxtuVNml8X2a03qIFfRKpFs=",
        "owner": "nix-community",
        "repo": "home-manager",
        "rev": "abfad3d2958c9e6300a883bd443512c55dfeb1be",
        "type": "github"
      },
      "original": {
        "owner": "nix-community",
        "repo": "home-manager",
        "type": "github"
      }
    },
    "home-manager_2": {
      "inputs": {
        "nixpkgs": [
          "impermanence",
          "nixpkgs"
        ]
      },
      "locked": {
        "lastModified": 1768598210,
        "narHash": "sha256-kkgA32s/f4jaa4UG+2f8C225Qvclxnqs76mf8zvTVPg=",
        "owner": "nix-community",
        "repo": "home-manager",
        "rev": "c47b2cc64a629f8e075de52e4742de688f930dc6",
        "type": "github"
      },
      "original": {
        "owner": "nix-community",
        "repo": "home-manager",
        "type": "github"
      }
    },
    "homebrew-bundle": {
      "flake": false,
      "locked": {
        "lastModified": 1745335228,
        "narHash": "sha256-TIKR2UgtyUmHLNZp255/vLs+1I10hXe+sciMEbAGFwE=",
        "owner": "homebrew",
        "repo": "homebrew-bundle",
        "rev": "a3265c84b232e13048ecbf6fc18a2eedfadbeb08",
        "type": "github"
      },
      "original": {
        "owner": "homebrew",
        "repo": "homebrew-bundle",
        "type": "github"
      }
    },
    "homebrew-cask": {
      "flake": false,
      "locked": {
        "lastModified": 1788388182,
        "narHash": "sha256-5s83SwJbOx2A1u7Qjzn4YZeqtQaSKOHSuDSLfCn3yys=",
        "owner": "homebrew",
        "repo": "homebrew-cask",
        "rev": "9c9e11c0f944b90538e69e8a7fada8543b1cc770",
        "type": "github"
      },
      "original": {
        "owner": "homebrew",
        "repo": "homebrew-cask",
        "type": "github"
      }
    },
    "homebrew-core": {
      "flake": false,
      "locked": {
        "lastModified": 1788270096,
        "narHash": "sha256-l6qpr504xYwfJZefOAewljw+AHdlpdsRZ1kQy1Dv1Nk=",
        "owner": "homebrew",
        "repo": "homebrew-core",
        "rev": "c7e37984ab0734cfe2d51aee1cfd3ce8ab227f24",
        "type": "github"
      },
      "original": {
        "owner": "homebrew",
        "repo": "homebrew-core",
        "type": "github"
      }
    },
    "hunk": {
      "inputs": {
        "bun2nix": "bun2nix_2",
        "nixpkgs": [
          "nixpkgs"
        ],
        "systems": "systems_4"
      },
      "locked": {
        "lastModified": 1787970923,
        "narHash": "sha256-QPo9lPxbTUfBuWEzk2YViYSaJ8/7hTC+fAnTEnI0Y20=",
        "owner": "modem-dev",
        "repo": "hunk",
        "rev": "4ae6f8f6c8afbdbabcc037e0e0e7fff85d41d6fd",
        "type": "github"
      },
      "original": {
        "owner": "modem-dev",
        "ref": "v0.20.1",
        "repo": "hunk",
        "type": "github"
      }
    },
    "impermanence": {
      "inputs": {
        "home-manager": "home-manager_2",
        "nixpkgs": [
          "nixpkgs"
        ]
      },
      "locked": {
        "lastModified": 1769548169,
        "narHash": "sha256-03+JxvzmfwRu+5JafM0DLbxgHttOQZkUtDWBmeUkN8Y=",
        "owner": "nix-community",
        "repo": "impermanence",
        "rev": "7b1d382faf603b6d264f58627330f9faa5cba149",
        "type": "github"
      },
      "original": {
        "owner": "nix-community",
        "repo": "impermanence",
        "type": "github"
      }
    },
    "import-tree": {
      "locked": {
        "lastModified": 1763762820,
        "narHash": "sha256-ZvYKbFib3AEwiNMLsejb/CWs/OL/srFQ8AogkebEPF0=",
        "owner": "vic",
        "repo": "import-tree",
        "rev": "3c23749d8013ec6daa1d7255057590e9ca726646",
        "type": "github"
      },
      "original": {
        "owner": "vic",
        "repo": "import-tree",
        "type": "github"
      }
    },
    "import-tree_2": {
      "locked": {
        "lastModified": 1773693634,
        "narHash": "sha256-BtZ2dtkBdSUnFPPFc+n0kcMbgaTxzFNPv2iaO326Ffg=",
        "owner": "vic",
        "repo": "import-tree",
        "rev": "c41e7d58045f9057880b0d85e1152d6a4430dbf1",
        "type": "github"
      },
      "original": {
        "owner": "vic",
        "repo": "import-tree",
        "type": "github"
      }
    },
    "lanzaboote": {
      "inputs": {
        "crane": "crane",
        "nixpkgs": [
          "nixpkgs"
        ],
        "pre-commit": "pre-commit",
        "rust-overlay": "rust-overlay_3"
      },
      "locked": {
        "lastModified": 1782141370,
        "narHash": "sha256-hqijVSEETttmo8Okql9/LG0Ua34hdciKW1a5zzlj8mU=",
        "owner": "nix-community",
        "repo": "lanzaboote",
        "rev": "7c9a54a7f87b4539ddbd8bda09a8a5f5f9361aa9",
        "type": "github"
      },
      "original": {
        "owner": "nix-community",
        "ref": "v1.1.0",
        "repo": "lanzaboote",
        "type": "github"
      }
    },
    "mdfried": {
      "inputs": {
        "crane": "crane_2",
        "flake-utils": "flake-utils",
        "nixpkgs": [
          "nixpkgs-darwin-compat"
        ],
        "rust-overlay": "rust-overlay_4"
      },
      "locked": {
        "lastModified": 1786093958,
        "narHash": "sha256-BdcwU+9qY7gOIMgOfw7rpdh3KpBTLI1oGuNyOqO0AY8=",
        "owner": "benjajaja",
        "repo": "mdfried",
        "rev": "c1933db6a839c129732d0740369d20c9bd5aa6ae",
        "type": "github"
      },
      "original": {
        "owner": "benjajaja",
        "ref": "v0.22.5",
        "repo": "mdfried",
        "type": "github"
      }
    },
    "nix-bun": {
      "inputs": {
        "nixpkgs": [
          "herdr-omp-plugins",
          "omp18",
          "nixpkgs"
        ]
      },
      "locked": {
        "lastModified": 1787372347,
        "narHash": "sha256-Foo41OtooHMiBITAFKdOhitmjrMZqcGy1epJNz7sNQ4=",
        "owner": "ryoppippi",
        "repo": "nix-bun",
        "rev": "fee8f233ad9409be44259b4f428f83ecb2812e37",
        "type": "github"
      },
      "original": {
        "owner": "ryoppippi",
        "repo": "nix-bun",
        "type": "github"
      }
    },
    "nix-homebrew": {
      "inputs": {
        "brew-src": "brew-src"
      },
      "locked": {
        "lastModified": 1787330919,
        "narHash": "sha256-LslMncqN7uOOH5S88WZtO/EVt2HwD8ltUnfyANk+mC0=",
        "owner": "zhaofengli-wip",
        "repo": "nix-homebrew",
        "rev": "b00218e4aec0e5bf07d61a0bb13f842faa582d7b",
        "type": "github"
      },
      "original": {
        "owner": "zhaofengli-wip",
        "repo": "nix-homebrew",
        "type": "github"
      }
    },
    "nix-index-database": {
      "inputs": {
        "nixpkgs": [
          "nixpkgs"
        ]
      },
      "locked": {
        "lastModified": 1788080100,
        "narHash": "sha256-n14luQo3F/ZLfCEHk1QieiI1nGnW92ZQZeZ0UIb0UMQ=",
        "owner": "nix-community",
        "repo": "nix-index-database",
        "rev": "dbb978fa87faf13398e90ccbc52c343d21c7dd6d",
        "type": "github"
      },
      "original": {
        "owner": "nix-community",
        "repo": "nix-index-database",
        "type": "github"
      }
    },
    "nix-wrapper-modules": {
      "inputs": {
        "nixpkgs": [
          "nixpkgs"
        ]
      },
      "locked": {
        "lastModified": 1787722691,
        "narHash": "sha256-bWBt7v2FhgG6WTLgSi8nYGi1zXaTdA+vTdCRdvR2vcw=",
        "owner": "BirdeeHub",
        "repo": "nix-wrapper-modules",
        "rev": "04ef216559b18214853879df862f493a9e6bb8cf",
        "type": "github"
      },
      "original": {
        "owner": "BirdeeHub",
        "repo": "nix-wrapper-modules",
        "type": "github"
      }
    },
    "nixos-hardware": {
      "inputs": {
        "nixpkgs": [
          "nixpkgs"
        ]
      },
      "locked": {
        "lastModified": 1788044418,
        "narHash": "sha256-cmOd3iGoE140M2GidgQMQbyxHZ4dT7C0QZq2+CrXQyA=",
        "owner": "NixOS",
        "repo": "nixos-hardware",
        "rev": "dc3f0cfde2050172abf6c3cdb684f735c15a57c5",
        "type": "github"
      },
      "original": {
        "owner": "NixOS",
        "repo": "nixos-hardware",
        "type": "github"
      }
    },
    "nixos-wsl": {
      "inputs": {
        "flake-compat": "flake-compat_2",
        "nixpkgs": [
          "nixpkgs"
        ]
      },
      "locked": {
        "lastModified": 1784642409,
        "narHash": "sha256-hcbDqFuySAJawljt5r0sKBCJKYnbtGD0T/ZIozH1Dq0=",
        "owner": "nix-community",
        "repo": "NixOS-WSL",
        "rev": "eaeb18da90024448a60eb1ec7132eafa4003404e",
        "type": "github"
      },
      "original": {
        "owner": "nix-community",
        "ref": "main",
        "repo": "NixOS-WSL",
        "type": "github"
      }
    },
    "nixpkgs": {
      "locked": {
        "lastModified": 1754028485,
        "narHash": "sha256-IiiXB3BDTi6UqzAZcf2S797hWEPCRZOwyNThJIYhUfk=",
        "owner": "NixOS",
        "repo": "nixpkgs",
        "rev": "59e69648d345d6e8fef86158c555730fa12af9de",
        "type": "github"
      },
      "original": {
        "owner": "NixOS",
        "ref": "nixos-25.05",
        "repo": "nixpkgs",
        "type": "github"
      }
    },
    "nixpkgs-darwin-compat": {
      "locked": {
        "lastModified": 1787940818,
        "narHash": "sha256-vFzVv78WlyEbTyV5BbrnicnV159wC0YPOcBe3QagyBI=",
        "owner": "nixos",
        "repo": "nixpkgs",
        "rev": "f6107e546a5012172d93e79f1f7950da02ad798f",
        "type": "github"
      },
      "original": {
        "owner": "nixos",
        "ref": "nixpkgs-26.05-darwin",
        "repo": "nixpkgs",
        "type": "github"
      }
    },
    "nixpkgs-darwin-x64": {
      "locked": {
        "lastModified": 1786527240,
        "narHash": "sha256-OLtJPnSXcRy79Rf7BhYaMeXAVF625FpLcd3+Svq641Y=",
        "owner": "NixOS",
        "repo": "nixpkgs",
        "rev": "e0c84f9d0ad137f076dc957494f5b39885597d4f",
        "type": "github"
      },
      "original": {
        "owner": "NixOS",
        "ref": "nixpkgs-26.05-darwin",
        "repo": "nixpkgs",
        "type": "github"
      }
    },
    "nixpkgs-lib": {
      "locked": {
        "lastModified": 1769909678,
        "narHash": "sha256-cBEymOf4/o3FD5AZnzC3J9hLbiZ+QDT/KDuyHXVJOpM=",
        "owner": "nix-community",
        "repo": "nixpkgs.lib",
        "rev": "72716169fe93074c333e8d0173151350670b824c",
        "type": "github"
      },
      "original": {
        "owner": "nix-community",
        "repo": "nixpkgs.lib",
        "type": "github"
      }
    },
    "nixpkgs-lib_2": {
      "locked": {
        "lastModified": 1777168982,
        "narHash": "sha256-GOkGPcboWE9BmGCRMLX3worL4EMnsnG8MyKmXNeYuhQ=",
        "owner": "nix-community",
        "repo": "nixpkgs.lib",
        "rev": "f5901329dade4a6ea039af1433fb087bd9c1fe14",
        "type": "github"
      },
      "original": {
        "owner": "nix-community",
        "repo": "nixpkgs.lib",
        "type": "github"
      }
    },
    "nixpkgs-lib_3": {
      "locked": {
        "lastModified": 1772328832,
        "narHash": "sha256-e+/T/pmEkLP6BHhYjx6GmwP5ivonQQn0bJdH9YrRB+Q=",
        "owner": "nix-community",
        "repo": "nixpkgs.lib",
        "rev": "c185c7a5e5dd8f9add5b2f8ebeff00888b070742",
        "type": "github"
      },
      "original": {
        "owner": "nix-community",
        "repo": "nixpkgs.lib",
        "type": "github"
      }
    },
    "nixpkgs_2": {
      "locked": {
        "lastModified": 1788179007,
        "narHash": "sha256-hn1oU2rue2SYK8dAr8+WNZWtbsz1S2W5mnHlSEuh3bo=",
        "owner": "nixos",
        "repo": "nixpkgs",
        "rev": "34ab99075ac4f7e40cf037eef32cb1c360bb85e9",
        "type": "github"
      },
      "original": {
        "owner": "nixos",
        "ref": "nixos-unstable",
        "repo": "nixpkgs",
        "type": "github"
      }
    },
    "omp18": {
      "inputs": {
        "bun2nix": "bun2nix",
        "bun2nix-darwin-x64": "bun2nix-darwin-x64",
        "nix-bun": "nix-bun",
        "nixpkgs": [
          "herdr-omp-plugins",
          "nixpkgs"
        ],
        "nixpkgs-darwin-x64": "nixpkgs-darwin-x64",
        "rust-overlay": "rust-overlay_2"
      },
      "locked": {
        "lastModified": 1788451071,
        "narHash": "sha256-DhpaavuM4G9GF+pHEyWRxibP7t2D00KPi3R7IrxTW60=",
        "owner": "can1357",
        "repo": "oh-my-pi",
        "rev": "c4da0d08e8275659f3e09cf381c7df7018a19025",
        "type": "github"
      },
      "original": {
        "owner": "can1357",
        "ref": "v18.1.7",
        "repo": "oh-my-pi",
        "type": "github"
      }
    },
    "paneru": {
      "inputs": {
        "flake-parts": "flake-parts_4",
        "import-tree": "import-tree_2",
        "nix-darwin": [
          "darwin"
        ],
        "nixpkgs": [
          "nixpkgs"
        ]
      },
      "locked": {
        "lastModified": 1785072436,
        "narHash": "sha256-7S4wxQYjObNM1EKYYNy12OgTICpzr9Ya9SNiZmWFnOk=",
        "owner": "karinushka",
        "repo": "paneru",
        "rev": "0d6c025bedf5fdba5473c1242625b518050f0cdd",
        "type": "github"
      },
      "original": {
        "owner": "karinushka",
        "ref": "v0.4.4",
        "repo": "paneru",
        "type": "github"
      }
    },
    "pre-commit": {
      "inputs": {
        "flake-compat": "flake-compat",
        "gitignore": "gitignore",
        "nixpkgs": [
          "lanzaboote",
          "nixpkgs"
        ]
      },
      "locked": {
        "lastModified": 1781733627,
        "narHash": "sha256-U3yTuGBnmXvXoQI3qkpfEDsn9RovQPAjN7ndRco+3u0=",
        "owner": "cachix",
        "repo": "pre-commit-hooks.nix",
        "rev": "3bbec39bc90eadfa031e6f3b77272f3f60803e39",
        "type": "github"
      },
      "original": {
        "owner": "cachix",
        "repo": "pre-commit-hooks.nix",
        "type": "github"
      }
    },
    "pyproject-build-systems": {
      "inputs": {
        "nixpkgs": [
          "nixpkgs"
        ],
        "pyproject-nix": [
          "pyproject-nix"
        ],
        "uv2nix": [
          "uv2nix"
        ]
      },
      "locked": {
        "lastModified": 1788149501,
        "narHash": "sha256-XKJP4KvhawV3pyVfraX3sflz05Rp7KP74gRt6QqKjNE=",
        "owner": "pyproject-nix",
        "repo": "build-system-pkgs",
        "rev": "150839ac67b5a34db56a55e8f6b7099a4e7878ab",
        "type": "github"
      },
      "original": {
        "owner": "pyproject-nix",
        "repo": "build-system-pkgs",
        "type": "github"
      }
    },
    "pyproject-nix": {
      "inputs": {
        "nixpkgs": [
          "nixpkgs"
        ]
      },
      "locked": {
        "lastModified": 1786031528,
        "narHash": "sha256-cROiHKO3UbIKqF5FG5NikvydzlfIj4EcR1Cty9qOVt4=",
        "owner": "pyproject-nix",
        "repo": "pyproject.nix",
        "rev": "1b1485546d85f6f6c7aadb10c4923dbc09633263",
        "type": "github"
      },
      "original": {
        "owner": "pyproject-nix",
        "repo": "pyproject.nix",
        "type": "github"
      }
    },
    "root": {
      "inputs": {
        "agenix": "agenix",
        "darwin": "darwin_2",
        "disko": "disko",
        "herdr": "herdr",
        "herdr-omp-plugins": "herdr-omp-plugins",
        "hjem": "hjem",
        "homebrew-bundle": "homebrew-bundle",
        "homebrew-cask": "homebrew-cask",
        "homebrew-core": "homebrew-core",
        "hunk": "hunk",
        "impermanence": "impermanence",
        "lanzaboote": "lanzaboote",
        "mdfried": "mdfried",
        "nix-homebrew": "nix-homebrew",
        "nix-index-database": "nix-index-database",
        "nix-wrapper-modules": "nix-wrapper-modules",
        "nixos-hardware": "nixos-hardware",
        "nixos-wsl": "nixos-wsl",
        "nixpkgs": "nixpkgs_2",
        "nixpkgs-darwin-compat": "nixpkgs-darwin-compat",
        "paneru": "paneru",
        "pyproject-build-systems": "pyproject-build-systems",
        "pyproject-nix": "pyproject-nix",
        "secrets": "secrets",
        "skill-agent-stuff": "skill-agent-stuff",
        "skill-bro": "skill-bro",
        "skill-diagnosing-bugs": "skill-diagnosing-bugs",
        "skill-effective-html": "skill-effective-html",
        "skill-humanlayer": "skill-humanlayer",
        "skill-ideonomy": "skill-ideonomy",
        "skill-modem": "skill-modem",
        "skill-remindctl": "skill-remindctl",
        "uv2nix": "uv2nix",
        "vscode-server": "vscode-server"
      }
    },
    "rust-overlay": {
      "inputs": {
        "nixpkgs": [
          "herdr",
          "nixpkgs"
        ]
      },
      "locked": {
        "lastModified": 1783577481,
        "narHash": "sha256-EWMxOWrJ031f8f/lrcEmhTRs4npw1/5N3Hcjin846c8=",
        "owner": "oxalica",
        "repo": "rust-overlay",
        "rev": "4cdea398dc491b082dccdce0fad1ed0b75fa3394",
        "type": "github"
      },
      "original": {
        "owner": "oxalica",
        "repo": "rust-overlay",
        "type": "github"
      }
    },
    "rust-overlay_2": {
      "inputs": {
        "nixpkgs": [
          "herdr-omp-plugins",
          "omp18",
          "nixpkgs"
        ]
      },
      "locked": {
        "lastModified": 1786507911,
        "narHash": "sha256-w5aZRLbiu7H6TqsYXVMdRKg0S4DRaJpxyqxx86AwxVk=",
        "owner": "oxalica",
        "repo": "rust-overlay",
        "rev": "39db48099ad16834af7e27485a4babf9c28b3897",
        "type": "github"
      },
      "original": {
        "owner": "oxalica",
        "repo": "rust-overlay",
        "type": "github"
      }
    },
    "rust-overlay_3": {
      "inputs": {
        "nixpkgs": [
          "lanzaboote",
          "nixpkgs"
        ]
      },
      "locked": {
        "lastModified": 1782012058,
        "narHash": "sha256-9mWUnReOUXfKjZuJAL/bAFH3LUyECTRtXgSNVjRw3UY=",
        "owner": "oxalica",
        "repo": "rust-overlay",
        "rev": "8534567325bd8a8d2928e6afd81e0a87d19efd3c",
        "type": "github"
      },
      "original": {
        "owner": "oxalica",
        "repo": "rust-overlay",
        "type": "github"
      }
    },
    "rust-overlay_4": {
      "inputs": {
        "nixpkgs": [
          "mdfried",
          "nixpkgs"
        ]
      },
      "locked": {
        "lastModified": 1765593578,
        "narHash": "sha256-qbl874bCIy9+OLImdfBfZ9ITUDDjjTAB04Dk4PlZFV0=",
        "owner": "oxalica",
        "repo": "rust-overlay",
        "rev": "348b94ed9ddffccdf1a65582a2dcff0a4a3eeeb4",
        "type": "github"
      },
      "original": {
        "owner": "oxalica",
        "repo": "rust-overlay",
        "type": "github"
      }
    },
    "secrets": {
      "flake": false,
      "locked": {
        "lastModified": 1787935894,
        "narHash": "sha256-EufjQwvCRslNG3IfK9BFntLpLBhkk0GT2MVLFT34ZEY=",
        "ref": "refs/heads/main",
        "rev": "e91d6050d260505a10c5bb0a7b4af1f4822ae8d6",
        "revCount": 36,
        "type": "git",
        "url": "ssh://git@github.com/midsorbet/nix-secrets.git"
      },
      "original": {
        "type": "git",
        "url": "ssh://git@github.com/midsorbet/nix-secrets.git"
      }
    },
    "skill-agent-stuff": {
      "flake": false,
      "locked": {
        "lastModified": 1788086259,
        "narHash": "sha256-k5YTyolAnND5J3L3q/1bHNMOKw0mv+G32WbxzgKm1HE=",
        "owner": "mitsuhiko",
        "repo": "agent-stuff",
        "rev": "3c891a9640f80c271ccc666ab7a39f9811bc3fb6",
        "type": "github"
      },
      "original": {
        "owner": "mitsuhiko",
        "repo": "agent-stuff",
        "type": "github"
      }
    },
    "skill-bro": {
      "flake": false,
      "locked": {
        "lastModified": 1787168082,
        "narHash": "sha256-sNpq2RzPSq7mr4lieOG2dd0+uylfv0O9DM3d+uTNv74=",
        "owner": "backnotprop",
        "repo": "bro",
        "rev": "0537a9fc42c03f4900f3d16218abfd9425fa4f6a",
        "type": "github"
      },
      "original": {
        "owner": "backnotprop",
        "repo": "bro",
        "type": "github"
      }
    },
    "skill-diagnosing-bugs": {
      "flake": false,
      "locked": {
        "lastModified": 1788265236,
        "narHash": "sha256-/16GoFw9/0G2wSBN795IPaefBWbkluaQK2wqocRPQT4=",
        "owner": "dmmulroy",
        "repo": ".dotfiles",
        "rev": "11cb2c77e1a213eae62dc97d22a2bbeb50c5eb79",
        "type": "github"
      },
      "original": {
        "owner": "dmmulroy",
        "repo": ".dotfiles",
        "type": "github"
      }
    },
    "skill-effective-html": {
      "flake": false,
      "locked": {
        "lastModified": 1785799141,
        "narHash": "sha256-5j212fdzcLd3yG6cUOpcZPLaLFevlBBqtEyay2tCKXk=",
        "owner": "plannotator",
        "repo": "effective-html",
        "rev": "d95debbaef15af1d201fc6c10c77cf92b524a0d6",
        "type": "github"
      },
      "original": {
        "owner": "plannotator",
        "repo": "effective-html",
        "type": "github"
      }
    },
    "skill-humanlayer": {
      "flake": false,
      "locked": {
        "lastModified": 1786633530,
        "narHash": "sha256-lJvu9CGAN/+dzmzck0CodRXn/p7GUkCbfyZxys4nIoU=",
        "owner": "humanlayer",
        "repo": "skills",
        "rev": "3c2629142c5d437428269b1b722b08c0b87f574d",
        "type": "github"
      },
      "original": {
        "owner": "humanlayer",
        "repo": "skills",
        "type": "github"
      }
    },
    "skill-ideonomy": {
      "flake": false,
      "locked": {
        "lastModified": 1780467315,
        "narHash": "sha256-YILnhcOGjGukiqXMz2KFhvc85Zo/WZWf6xpmY+Kb3e4=",
        "owner": "latentwill",
        "repo": "ideonomy-skill",
        "rev": "3339f3eff61a13fff2558ae9a202ef4fa6099c92",
        "type": "github"
      },
      "original": {
        "owner": "latentwill",
        "repo": "ideonomy-skill",
        "type": "github"
      }
    },
    "skill-modem": {
      "flake": false,
      "locked": {
        "lastModified": 1784555544,
        "narHash": "sha256-xLUM5Wg168xFn/55WFOrnXvoiVuyUVPDPk52ITEldmA=",
        "owner": "modem-dev",
        "repo": "skills",
        "rev": "edcdedb38a545f67c065f4084b3627517f0d79cf",
        "type": "github"
      },
      "original": {
        "owner": "modem-dev",
        "repo": "skills",
        "type": "github"
      }
    },
    "skill-remindctl": {
      "flake": false,
      "locked": {
        "lastModified": 1786329147,
        "narHash": "sha256-+6HM80f+/FWYC0wL5gbHU9JpmaBt9riXsTcNenGxFuQ=",
        "owner": "openclaw",
        "repo": "remindctl",
        "rev": "762ff39a6290aeca3779a139355a376c819b8b2e",
        "type": "github"
      },
      "original": {
        "owner": "openclaw",
        "ref": "v0.3.4",
        "repo": "remindctl",
        "type": "github"
      }
    },
    "systems": {
      "locked": {
        "lastModified": 1681028828,
        "narHash": "sha256-Vy1rq5AaRuLzOxct8nz4T6wlgyUR7zLU309k9mBC768=",
        "owner": "nix-systems",
        "repo": "default",
        "rev": "da67096a3b9bf56a91d16901293e51ba5b49a27e",
        "type": "github"
      },
      "original": {
        "owner": "nix-systems",
        "repo": "default",
        "type": "github"
      }
    },
    "systems_2": {
      "locked": {
        "lastModified": 1776166891,
        "narHash": "sha256-bI8yrEGjrohR5hkQox7UrxDH7XqrYMwI8SL/LrJ1+S8=",
        "owner": "nix-systems",
        "repo": "triplet",
        "rev": "6de7bc09397911ce03636afbcf6118745ab2cda0",
        "type": "github"
      },
      "original": {
        "owner": "nix-systems",
        "repo": "triplet",
        "type": "github"
      }
    },
    "systems_3": {
      "locked": {
        "lastModified": 1680978224,
        "narHash": "sha256-+xT9B1ZbhMg/zpJqd00S06UCZb/A2URW9bqqrZ/JTOg=",
        "owner": "nix-systems",
        "repo": "x86_64-darwin",
        "rev": "db0463cce4cd60fb791f33a83d29a1ed53edab9b",
        "type": "github"
      },
      "original": {
        "owner": "nix-systems",
        "repo": "x86_64-darwin",
        "type": "github"
      }
    },
    "systems_4": {
      "locked": {
        "lastModified": 1776166891,
        "narHash": "sha256-bI8yrEGjrohR5hkQox7UrxDH7XqrYMwI8SL/LrJ1+S8=",
        "owner": "nix-systems",
        "repo": "triplet",
        "rev": "6de7bc09397911ce03636afbcf6118745ab2cda0",
        "type": "github"
      },
      "original": {
        "owner": "nix-systems",
        "repo": "triplet",
        "type": "github"
      }
    },
    "systems_5": {
      "locked": {
        "lastModified": 1681028828,
        "narHash": "sha256-Vy1rq5AaRuLzOxct8nz4T6wlgyUR7zLU309k9mBC768=",
        "owner": "nix-systems",
        "repo": "default",
        "rev": "da67096a3b9bf56a91d16901293e51ba5b49a27e",
        "type": "github"
      },
      "original": {
        "owner": "nix-systems",
        "repo": "default",
        "type": "github"
      }
    },
    "treefmt-nix": {
      "inputs": {
        "nixpkgs": [
          "herdr-omp-plugins",
          "omp18",
          "bun2nix",
          "nixpkgs"
        ]
      },
      "locked": {
        "lastModified": 1784369104,
        "narHash": "sha256-47cxbcZODibHv3rELFQ9vZly0vUNkND/atn/U7HLeb0=",
        "owner": "numtide",
        "repo": "treefmt-nix",
        "rev": "df3c0640565d04a0261253cdd89fce78ec50168a",
        "type": "github"
      },
      "original": {
        "owner": "numtide",
        "repo": "treefmt-nix",
        "type": "github"
      }
    },
    "treefmt-nix_2": {
      "inputs": {
        "nixpkgs": [
          "herdr-omp-plugins",
          "omp18",
          "bun2nix-darwin-x64",
          "nixpkgs"
        ]
      },
      "locked": {
        "lastModified": 1784369104,
        "narHash": "sha256-47cxbcZODibHv3rELFQ9vZly0vUNkND/atn/U7HLeb0=",
        "owner": "numtide",
        "repo": "treefmt-nix",
        "rev": "df3c0640565d04a0261253cdd89fce78ec50168a",
        "type": "github"
      },
      "original": {
        "owner": "numtide",
        "repo": "treefmt-nix",
        "type": "github"
      }
    },
    "treefmt-nix_3": {
      "inputs": {
        "nixpkgs": [
          "hunk",
          "bun2nix",
          "nixpkgs"
        ]
      },
      "locked": {
        "lastModified": 1770228511,
        "narHash": "sha256-wQ6NJSuFqAEmIg2VMnLdCnUc0b7vslUohqqGGD+Fyxk=",
        "owner": "numtide",
        "repo": "treefmt-nix",
        "rev": "337a4fe074be1042a35086f15481d763b8ddc0e7",
        "type": "github"
      },
      "original": {
        "owner": "numtide",
        "repo": "treefmt-nix",
        "type": "github"
      }
    },
    "uv2nix": {
      "inputs": {
        "nixpkgs": [
          "nixpkgs"
        ],
        "pyproject-nix": [
          "pyproject-nix"
        ]
      },
      "locked": {
        "lastModified": 1788001239,
        "narHash": "sha256-AELmsXPI546MhbC/ZXC7WRUkCz7d4rqKTHUmliIgPpI=",
        "owner": "pyproject-nix",
        "repo": "uv2nix",
        "rev": "7f9c6b613d2e749e54854b1d60ab6a2192db889e",
        "type": "github"
      },
      "original": {
        "owner": "pyproject-nix",
        "repo": "uv2nix",
        "type": "github"
      }
    },
    "vscode-server": {
      "inputs": {
        "flake-parts": "flake-parts_5"
      },
      "locked": {
        "lastModified": 1784312229,
        "narHash": "sha256-2uHCSUw341o3my1R0U0YCfbnMEazylxb58evWsjGL50=",
        "owner": "nix-community",
        "repo": "nixos-vscode-server",
        "rev": "2f984dfbe7e5271b5c413d3e734374cc1306c921",
        "type": "github"
      },
      "original": {
        "owner": "nix-community",
        "repo": "nixos-vscode-server",
        "type": "github"
      }
    }
  },
  "root": "root",
  "version": 7
}
